
Microsoft Visual Studio Solution File, Format Version 12.00
# Visual Studio Version 16
VisualStudioVersion = 16.0.30011.22
MinimumVisualStudioVersion = 10.0.40219.1
Project("{FAE04EC0-301F-11D3-BF4B-00C04F79EFBC}") = "Binary Search Tree", "Binary Search Tree\Binary Search Tree.csproj", "{0ABDEAD0-B48E-4B83-90DE-3742A5734E80}"
EndProject
Global
	GlobalSection(SolutionConfigurationPlatforms) = preSolution
		Debug|Any CPU = Debug|Any CPU
		Release|Any CPU = Release|Any CPU
	EndGlobalSection
	GlobalSection(ProjectConfigurationPlatforms) = postSolution
		{0ABDEAD0-B48E-4B83-90DE-3742A5734E80}.Debug|Any CPU.ActiveCfg = Debug|Any CPU
		{0ABDEAD0-B48E-4B83-90DE-3742A5734E80}.Debug|Any CPU.Build.0 = Debug|Any CPU
		{0ABDEAD0-B48E-4B83-90DE-3742A5734E80}.Release|Any CPU.ActiveCfg = Release|Any CPU
		{0ABDEAD0-B48E-4B83-90DE-3742A5734E80}.Release|Any CPU.Build.0 = Release|Any CPU
	EndGlobalSection
	GlobalSection(SolutionProperties) = preSolution
		HideSolutionNode = FALSE
	EndGlobalSection
	GlobalSection(ExtensibilityGlobals) = postSolution
		SolutionGuid = {F13D1E13-DD0C-42FB-937E-41302E803A3E}
	EndGlobalSection
EndGlobal
